{
    "_readme": [
        "This file locks the dependencies of your project to a known state",
        "Read more about it at http://getcomposer.org/doc/01-basic-usage.md#composer-lock-the-lock-file",
        "This file is @generated automatically"
    ],
    "hash": "f8fb3b7f3ab1dd75f337572edcfc2a4f",
    "packages": [
        {
            "name": "mike-roetgers/data-mapper",
            "version": "0.1.0",
            "source": {
                "type": "git",
                "url": "https://github.com/MikeRoetgers/data-mapper.git",
                "reference": "335849ac2a1ee55b92639c13eee18b0bea8f6e2f"
            },
            "dist": {
                "type": "zip",
                "url": "https://api.github.com/repos/MikeRoetgers/data-mapper/zipball/335849ac2a1ee55b92639c13eee18b0bea8f6e2f",
                "reference": "335849ac2a1ee55b92639c13eee18b0bea8f6e2f",
                "shasum": ""
            },
            "require": {
                "php": ">=5.4.0"
            },
            "type": "library",
            "autoload": {
                "psr-0": {
                    "MikeRoetgers\\DataMapper": ""
                }
            },
            "notification-url": "https://packagist.org/downloads/",
            "license": [
                "MIT"
            ],
            "authors": [
                {
                    "name": "Mike Roetgers",
                    "email": "mike@roetgers.com"
                }
            ],
            "description": "Simple data mapper",
            "homepage": "https://github.com/MikeRoetgers/data-mapper.git",
            "keywords": [
                "data",
                "datamapper",
                "mapper",
                "php"
            ],
            "time": "2014-07-01 12:16:55"
        }
    ],
    "packages-dev": [

    ],
    "aliases": [

    ],
    "minimum-stability": "stable",
    "stability-flags": [

    ],
    "platform": {
        "php": ">=5.4.0",
        "ext-curl": "*"
    },
    "platform-dev": [

    ]
}
